
Microsoft Visual Studio Solution File, Format Version 12.00
# Visual Studio Version 17
VisualStudioVersion = 17.12.35527.113 d17.12
MinimumVisualStudioVersion = 10.0.40219.1
Project("{FAE04EC0-301F-11D3-BF4B-00C04F79EFBC}") = "testtt", "testtt\testtt.csproj", "{EA02F788-C0CD-4A8E-B449-58BC08B6FA87}"
EndProject
Project("{FAE04EC0-301F-11D3-BF4B-00C04F79EFBC}") = "Models", "Models\Models.csproj", "{53B1610D-D265-475E-9E1C-36037AC5632A}"
EndProject
Global
	GlobalSection(SolutionConfigurationPlatforms) = preSolution
		Debug|Any CPU = Debug|Any CPU
		Release|Any CPU = Release|Any CPU
	EndGlobalSection
	GlobalSection(ProjectConfigurationPlatforms) = postSolution
		{EA02F788-C0CD-4A8E-B449-58BC08B6FA87}.Debug|Any CPU.ActiveCfg = Debug|Any CPU
		{EA02F788-C0CD-4A8E-B449-58BC08B6FA87}.Debug|Any CPU.Build.0 = Debug|Any CPU
		{EA02F788-C0CD-4A8E-B449-58BC08B6FA87}.Release|Any CPU.ActiveCfg = Release|Any CPU
		{EA02F788-C0CD-4A8E-B449-58BC08B6FA87}.Release|Any CPU.Build.0 = Release|Any CPU
		{53B1610D-D265-475E-9E1C-36037AC5632A}.Debug|Any CPU.ActiveCfg = Debug|Any CPU
		{53B1610D-D265-475E-9E1C-36037AC5632A}.Debug|Any CPU.Build.0 = Debug|Any CPU
		{53B1610D-D265-475E-9E1C-36037AC5632A}.Release|Any CPU.ActiveCfg = Release|Any CPU
		{53B1610D-D265-475E-9E1C-36037AC5632A}.Release|Any CPU.Build.0 = Release|Any CPU
	EndGlobalSection
	GlobalSection(SolutionProperties) = preSolution
		HideSolutionNode = FALSE
	EndGlobalSection
EndGlobal
